
Microsoft Visual Studio Solution File, Format Version 12.00
# Visual Studio 15
VisualStudioVersion = 15.0.28306.52
MinimumVisualStudioVersion = 10.0.40219.1
Project("{FAE04EC0-301F-11D3-BF4B-00C04F79EFBC}") = "OurShopK5", "OurShopK5\OurShopK5.csproj", "{B1248CAB-3B2C-49FD-8B72-8954691CB107}"
EndProject
Global
	GlobalSection(SolutionConfigurationPlatforms) = preSolution
		Debug|Any CPU = Debug|Any CPU
		Release|Any CPU = Release|Any CPU
	EndGlobalSection
	GlobalSection(ProjectConfigurationPlatforms) = postSolution
		{B1248CAB-3B2C-49FD-8B72-8954691CB107}.Debug|Any CPU.ActiveCfg = Debug|Any CPU
		{B1248CAB-3B2C-49FD-8B72-8954691CB107}.Debug|Any CPU.Build.0 = Debug|Any CPU
		{B1248CAB-3B2C-49FD-8B72-8954691CB107}.Release|Any CPU.ActiveCfg = Release|Any CPU
		{B1248CAB-3B2C-49FD-8B72-8954691CB107}.Release|Any CPU.Build.0 = Release|Any CPU
	EndGlobalSection
	GlobalSection(SolutionProperties) = preSolution
		HideSolutionNode = FALSE
	EndGlobalSection
	GlobalSection(ExtensibilityGlobals) = postSolution
		SolutionGuid = {FB35F063-8B28-4EDA-84CC-02745F932975}
	EndGlobalSection
EndGlobal
